// !$*UTF8*$!
{
	archiveVersion = 1;
	classes = {
	};
	objectVersion = 46;
	objects = {

/* Begin PBXBuildFile section */
		5B19756D1CD99E3600FF1AC1 /* main.m in Sources */ = {isa = PBXBuildFile; fileRef = 5B19756C1CD99E3600FF1AC1 /* main.m */; };
		5B1975701CD99E3600FF1AC1 /* AppDelegate.m in Sources */ = {isa = PBXBuildFile; fileRef = 5B19756F1CD99E3600FF1AC1 /* AppDelegate.m */; };
		5B1975731CD99E3600FF1AC1 /* ViewController.m in Sources */ = {isa = PBXBuildFile; fileRef = 5B1975721CD99E3600FF1AC1 /* ViewController.m */; };
		5B1975761CD99E3600FF1AC1 /* Main.storyboard in Resources */ = {isa = PBXBuildFile; fileRef = 5B1975741CD99E3600FF1AC1 /* Main.storyboard */; };
		5B1975781CD99E3600FF1AC1 /* Assets.xcassets in Resources */ = {isa = PBXBuildFile; fileRef = 5B1975771CD99E3600FF1AC1 /* Assets.xcassets */; };
		5B19757B1CD99E3600FF1AC1 /* LaunchScreen.storyboard in Resources */ = {isa = PBXBuildFile; fileRef = 5B1975791CD99E3600FF1AC1 /* LaunchScreen.storyboard */; };
		5B1975861CD99E3700FF1AC1 /* JXClipsTests.m in Sources */ = {isa = PBXBuildFile; fileRef = 5B1975851CD99E3700FF1AC1 /* JXClipsTests.m */; };
		5B1975911CD99E3700FF1AC1 /* JXClipsUITests.m in Sources */ = {isa = PBXBuildFile; fileRef = 5B1975901CD99E3700FF1AC1 /* JXClipsUITests.m */; };
/* End PBXBuildFile section */

/* Begin PBXContainerItemProxy section */
		5B1975821CD99E3700FF1AC1 /* PBXContainerItemProxy */ = {
			isa = PBXContainerItemProxy;
			containerPortal = 5B1975601CD99E3600FF1AC1 /* Project object */;
			proxyType = 1;
			remoteGlobalIDString = 5B1975671CD99E3600FF1AC1;
			remoteInfo = JXClips;
		};
		5B19758D1CD99E3700FF1AC1 /* PBXContainerItemProxy */ = {
			isa = PBXContainerItemProxy;
			containerPortal = 5B1975601CD99E3600FF1AC1 /* Project object */;
			proxyType = 1;
			remoteGlobalIDString = 5B1975671CD99E3600FF1AC1;
			remoteInfo = JXClips;
		};
/* End PBXContainerItemProxy section */

/* Begin PBXFileReference section */
		5B1975681CD99E3600FF1AC1 /* JXClips.app */ = {isa = PBXFileReference; explicitFileType = wrapper.application; includeInIndex = 0; path = JXClips.app; sourceTree = BUILT_PRODUCTS_DIR; };
		5B19756C1CD99E3600FF1AC1 /* main.m */ = {isa = PBXFileReference; lastKnownFileType = sourcecode.c.objc; path = main.m; sourceTree = "<group>"; };
		5B19756E1CD99E3600FF1AC1 /* AppDelegate.h */ = {isa = PBXFileReference; lastKnownFileType = sourcecode.c.h; path = AppDelegate.h; sourceTree = "<group>"; };
		5B19756F1CD99E3600FF1AC1 /* AppDelegate.m */ = {isa = PBXFileReference; lastKnownFileType = sourcecode.c.objc; path = AppDelegate.m; sourceTree = "<group>"; };
		5B1975711CD99E3600FF1AC1 /* ViewController.h */ = {isa = PBXFileReference; lastKnownFileType = sourcecode.c.h; path = ViewController.h; sourceTree = "<group>"; };
		5B1975721CD99E3600FF1AC1 /* ViewController.m */ = {isa = PBXFileReference; lastKnownFileType = sourcecode.c.objc; path = ViewController.m; sourceTree = "<group>"; };
		5B1975751CD99E3600FF1AC1 /* Base */ = {isa = PBXFileReference; lastKnownFileType = file.storyboard; name = Base; path = Base.lproj/Main.storyboard; sourceTree = "<group>"; };
		5B1975771CD99E3600FF1AC1 /* Assets.xcassets */ = {isa = PBXFileReference; lastKnownFileType = folder.assetcatalog; path = Assets.xcassets; sourceTree = "<group>"; };
		5B19757A1CD99E3600FF1AC1 /* Base */ = {isa = PBXFileReference; lastKnownFileType = file.storyboard; name = Base; path = Base.lproj/LaunchScreen.storyboard; sourceTree = "<group>"; };
		5B19757C1CD99E3600FF1AC1 /* Info.plist */ = {isa = PBXFileReference; lastKnownFileType = text.plist.xml; path = Info.plist; sourceTree = "<group>"; };
		5B1975811CD99E3700FF1AC1 /* JXClipsTests.xctest */ = {isa = PBXFileReference; explicitFileType = wrapper.cfbundle; includeInIndex = 0; path = JXClipsTests.xctest; sourceTree = BUILT_PRODUCTS_DIR; };
		5B1975851CD99E3700FF1AC1 /* JXClipsTests.m */ = {isa = PBXFileReference; lastKnownFileType = sourcecode.c.objc; path = JXClipsTests.m; sourceTree = "<group>"; };
		5B1975871CD99E3700FF1AC1 /* Info.plist */ = {isa = PBXFileReference; lastKnownFileType = text.plist.xml; path = Info.plist; sourceTree = "<group>"; };
		5B19758C1CD99E3700FF1AC1 /* JXClipsUITests.xctest */ = {isa = PBXFileReference; explicitFileType = wrapper.cfbundle; includeInIndex = 0; path = JXClipsUITests.xctest; sourceTree = BUILT_PRODUCTS_DIR; };
		5B1975901CD99E3700FF1AC1 /* JXClipsUITests.m */ = {isa = PBXFileReference; lastKnownFileType = sourcecode.c.objc; path = JXClipsUITests.m; sourceTree = "<group>"; };
		5B1975921CD99E3700FF1AC1 /* Info.plist */ = {isa = PBXFileReference; lastKnownFileType = text.plist.xml; path = Info.plist; sourceTree = "<group>"; };
/* End PBXFileReference section */

/* Begin PBXFrameworksBuildPhase section */
		5B1975651CD99E3600FF1AC1 /* Frameworks */ = {
			isa = PBXFrameworksBuildPhase;
			buildActionMask = 2147483647;
			files = (
			);
			runOnlyForDeploymentPostprocessing = 0;
		};
		5B19757E1CD99E3700FF1AC1 /* Frameworks */ = {
			isa = PBXFrameworksBuildPhase;
			buildActionMask = 2147483647;
			files = (
			);
			runOnlyForDeploymentPostprocessing = 0;
		};
		5B1975891CD99E3700FF1AC1 /* Frameworks */ = {
			isa = PBXFrameworksBuildPhase;
			buildActionMask = 2147483647;
			files = (
			);
			runOnlyForDeploymentPostprocessing = 0;
		};
/* End PBXFrameworksBuildPhase section */

/* Begin PBXGroup section */
		5B19755F1CD99E3600FF1AC1 = {
			isa = PBXGroup;
			children = (
				5B19756A1CD99E3600FF1AC1 /* JXClips */,
				5B1975841CD99E3700FF1AC1 /* JXClipsTests */,
				5B19758F1CD99E3700FF1AC1 /* JXClipsUITests */,
				5B1975691CD99E3600FF1AC1 /* Products */,
			);
			sourceTree = "<group>";
		};
		5B1975691CD99E3600FF1AC1 /* Products */ = {
			isa = PBXGroup;
			children = (
				5B1975681CD99E3600FF1AC1 /* JXClips.app */,
				5B1975811CD99E3700FF1AC1 /* JXClipsTests.xctest */,
				5B19758C1CD99E3700FF1AC1 /* JXClipsUITests.xctest */,
			);
			name = Products;
			sourceTree = "<group>";
		};
		5B19756A1CD99E3600FF1AC1 /* JXClips */ = {
			isa = PBXGroup;
			children = (
				5B19756E1CD99E3600FF1AC1 /* AppDelegate.h */,
				5B19756F1CD99E3600FF1AC1 /* AppDelegate.m */,
				5B1975711CD99E3600FF1AC1 /* ViewController.h */,
				5B1975721CD99E3600FF1AC1 /* ViewController.m */,
				5B1975741CD99E3600FF1AC1 /* Main.storyboard */,
				5B1975771CD99E3600FF1AC1 /* Assets.xcassets */,
				5B1975791CD99E3600FF1AC1 /* LaunchScreen.storyboard */,
				5B19757C1CD99E3600FF1AC1 /* Info.plist */,
				5B19756B1CD99E3600FF1AC1 /* Supporting Files */,
			);
			path = JXClips;
			sourceTree = "<group>";
		};
		5B19756B1CD99E3600FF1AC1 /* Supporting Files */ = {
			isa = PBXGroup;
			children = (
				5B19756C1CD99E3600FF1AC1 /* main.m */,
			);
			name = "Supporting Files";
			sourceTree = "<group>";
		};
		5B1975841CD99E3700FF1AC1 /* JXClipsTests */ = {
			isa = PBXGroup;
			children = (
				5B1975851CD99E3700FF1AC1 /* JXClipsTests.m */,
				5B1975871CD99E3700FF1AC1 /* Info.plist */,
			);
			path = JXClipsTests;
			sourceTree = "<group>";
		};
		5B19758F1CD99E3700FF1AC1 /* JXClipsUITests */ = {
			isa = PBXGroup;
			children = (
				5B1975901CD99E3700FF1AC1 /* JXClipsUITests.m */,
				5B1975921CD99E3700FF1AC1 /* Info.plist */,
			);
			path = JXClipsUITests;
			sourceTree = "<group>";
		};
/* End PBXGroup section */

/* Begin PBXNativeTarget section */
		5B1975671CD99E3600FF1AC1 /* JXClips */ = {
			isa = PBXNativeTarget;
			buildConfigurationList = 5B1975951CD99E3700FF1AC1 /* Build configuration list for PBXNativeTarget "JXClips" */;
			buildPhases = (
				5B1975641CD99E3600FF1AC1 /* Sources */,
				5B1975651CD99E3600FF1AC1 /* Frameworks */,
				5B1975661CD99E3600FF1AC1 /* Resources */,
			);
			buildRules = (
			);
			dependencies = (
			);
			name = JXClips;
			productName = JXClips;
			productReference = 5B1975681CD99E3600FF1AC1 /* JXClips.app */;
			productType = "com.apple.product-type.application";
		};
		5B1975801CD99E3700FF1AC1 /* JXClipsTests */ = {
			isa = PBXNativeTarget;
			buildConfigurationList = 5B1975981CD99E3700FF1AC1 /* Build configuration list for PBXNativeTarget "JXClipsTests" */;
			buildPhases = (
				5B19757D1CD99E3700FF1AC1 /* Sources */,
				5B19757E1CD99E3700FF1AC1 /* Frameworks */,
				5B19757F1CD99E3700FF1AC1 /* Resources */,
			);
			buildRules = (
			);
			dependencies = (
				5B1975831CD99E3700FF1AC1 /* PBXTargetDependency */,
			);
			name = JXClipsTests;
			productName = JXClipsTests;
			productReference = 5B1975811CD99E3700FF1AC1 /* JXClipsTests.xctest */;
			productType = "com.apple.product-type.bundle.unit-test";
		};
		5B19758B1CD99E3700FF1AC1 /* JXClipsUITests */ = {
			isa = PBXNativeTarget;
			buildConfigurationList = 5B19759B1CD99E3700FF1AC1 /* Build configuration list for PBXNativeTarget "JXClipsUITests" */;
			buildPhases = (
				5B1975881CD99E3700FF1AC1 /* Sources */,
				5B1975891CD99E3700FF1AC1 /* Frameworks */,
				5B19758A1CD99E3700FF1AC1 /* Resources */,
			);
			buildRules = (
			);
			dependencies = (
				5B19758E1CD99E3700FF1AC1 /* PBXTargetDependency */,
			);
			name = JXClipsUITests;
			productName = JXClipsUITests;
			productReference = 5B19758C1CD99E3700FF1AC1 /* JXClipsUITests.xctest */;
			productType = "com.apple.product-type.bundle.ui-testing";
		};
/* End PBXNativeTarget section */

/* Begin PBXProject section */
		5B1975601CD99E3600FF1AC1 /* Project object */ = {
			isa = PBXProject;
			attributes = {
				LastUpgradeCheck = 0720;
				ORGANIZATIONNAME = yuezuo;
				TargetAttributes = {
					5B1975671CD99E3600FF1AC1 = {
						CreatedOnToolsVersion = 7.2;
						DevelopmentTeam = 6F399U28WY;
					};
					5B1975801CD99E3700FF1AC1 = {
						CreatedOnToolsVersion = 7.2;
						DevelopmentTeam = 6F399U28WY;
						TestTargetID = 5B1975671CD99E3600FF1AC1;
					};
					5B19758B1CD99E3700FF1AC1 = {
						CreatedOnToolsVersion = 7.2;
						DevelopmentTeam = 6F399U28WY;
						TestTargetID = 5B1975671CD99E3600FF1AC1;
					};
				};
			};
			buildConfigurationList = 5B1975631CD99E3600FF1AC1 /* Build configuration list for PBXProject "JXClips" */;
			compatibilityVersion = "Xcode 3.2";
			developmentRegion = English;
			hasScannedForEncodings = 0;
			knownRegions = (
				en,
				Base,
			);
			mainGroup = 5B19755F1CD99E3600FF1AC1;
			productRefGroup = 5B1975691CD99E3600FF1AC1 /* Products */;
			projectDirPath = "";
			projectRoot = "";
			targets = (
				5B1975671CD99E3600FF1AC1 /* JXClips */,
				5B1975801CD99E3700FF1AC1 /* JXClipsTests */,
				5B19758B1CD99E3700FF1AC1 /* JXClipsUITests */,
			);
		};
/* End PBXProject section */

/* Begin PBXResourcesBuildPhase section */
		5B1975661CD99E3600FF1AC1 /* Resources */ = {
			isa = PBXResourcesBuildPhase;
			buildActionMask = 2147483647;
			files = (
				5B19757B1CD99E3600FF1AC1 /* LaunchScreen.storyboard in Resources */,
				5B1975781CD99E3600FF1AC1 /* Assets.xcassets in Resources */,
				5B1975761CD99E3600FF1AC1 /* Main.storyboard in Resources */,
			);
			runOnlyForDeploymentPostprocessing = 0;
		};
		5B19757F1CD99E3700FF1AC1 /* Resources */ = {
			isa = PBXResourcesBuildPhase;
			buildActionMask = 2147483647;
			files = (
			);
			runOnlyForDeploymentPostprocessing = 0;
		};
		5B19758A1CD99E3700FF1AC1 /* Resources */ = {
			isa = PBXResourcesBuildPhase;
			buildActionMask = 2147483647;
			files = (
			);
			runOnlyForDeploymentPostprocessing = 0;
		};
/* End PBXResourcesBuildPhase section */

/* Begin PBXSourcesBuildPhase section */
		5B1975641CD99E3600FF1AC1 /* Sources */ = {
			isa = PBXSourcesBuildPhase;
			buildActionMask = 2147483647;
			files = (
				5B1975731CD99E3600FF1AC1 /* ViewController.m in Sources */,
				5B1975701CD99E3600FF1AC1 /* AppDelegate.m in Sources */,
				5B19756D1CD99E3600FF1AC1 /* main.m in Sources */,
			);
			runOnlyForDeploymentPostprocessing = 0;
		};
		5B19757D1CD99E3700FF1AC1 /* Sources */ = {
			isa = PBXSourcesBuildPhase;
			buildActionMask = 2147483647;
			files = (
				5B1975861CD99E3700FF1AC1 /* JXClipsTests.m in Sources */,
			);
			runOnlyForDeploymentPostprocessing = 0;
		};
		5B1975881CD99E3700FF1AC1 /* Sources */ = {
			isa = PBXSourcesBuildPhase;
			buildActionMask = 2147483647;
			files = (
				5B1975911CD99E3700FF1AC1 /* JXClipsUITests.m in Sources */,
			);
			runOnlyForDeploymentPostprocessing = 0;
		};
/* End PBXSourcesBuildPhase section */

/* Begin PBXTargetDependency section */
		5B1975831CD99E3700FF1AC1 /* PBXTargetDependency */ = {
			isa = PBXTargetDependency;
			target = 5B1975671CD99E3600FF1AC1 /* JXClips */;
			targetProxy = 5B1975821CD99E3700FF1AC1 /* PBXContainerItemProxy */;
		};
		5B19758E1CD99E3700FF1AC1 /* PBXTargetDependency */ = {
			isa = PBXTargetDependency;
			target = 5B1975671CD99E3600FF1AC1 /* JXClips */;
			targetProxy = 5B19758D1CD99E3700FF1AC1 /* PBXContainerItemProxy */;
		};
/* End PBXTargetDependency section */

/* Begin PBXVariantGroup section */
		5B1975741CD99E3600FF1AC1 /* Main.storyboard */ = {
			isa = PBXVariantGroup;
			children = (
				5B1975751CD99E3600FF1AC1 /* Base */,
			);
			name = Main.storyboard;
			sourceTree = "<group>";
		};
		5B1975791CD99E3600FF1AC1 /* LaunchScreen.storyboard */ = {
			isa = PBXVariantGroup;
			children = (
				5B19757A1CD99E3600FF1AC1 /* Base */,
			);
			name = LaunchScreen.storyboard;
			sourceTree = "<group>";
		};
/* End PBXVariantGroup section */

/* Begin XCBuildConfiguration section */
		5B1975931CD99E3700FF1AC1 /* Debug */ = {
			isa = XCBuildConfiguration;
			buildSettings = {
				ALWAYS_SEARCH_USER_PATHS = NO;
				CLANG_CXX_LANGUAGE_STANDARD = "gnu++0x";
				CLANG_CXX_LIBRARY = "libc++";
				CLANG_ENABLE_MODULES = YES;
				CLANG_ENABLE_OBJC_ARC = YES;
				CLANG_WARN_BOOL_CONVERSION = YES;
				CLANG_WARN_CONSTANT_CONVERSION = YES;
				CLANG_WARN_DIRECT_OBJC_ISA_USAGE = YES_ERROR;
				CLANG_WARN_EMPTY_BODY = YES;
				CLANG_WARN_ENUM_CONVERSION = YES;
				CLANG_WARN_INT_CONVERSION = YES;
				CLANG_WARN_OBJC_ROOT_CLASS = YES_ERROR;
				CLANG_WARN_UNREACHABLE_CODE = YES;
				CLANG_WARN__DUPLICATE_METHOD_MATCH = YES;
				"CODE_SIGN_IDENTITY[sdk=iphoneos*]" = "iPhone Developer";
				COPY_PHASE_STRIP = NO;
				DEBUG_INFORMATION_FORMAT = dwarf;
				ENABLE_STRICT_OBJC_MSGSEND = YES;
				ENABLE_TESTABILITY = YES;
				GCC_C_LANGUAGE_STANDARD = gnu99;
				GCC_DYNAMIC_NO_PIC = NO;
				GCC_NO_COMMON_BLOCKS = YES;
				GCC_OPTIMIZATION_LEVEL = 0;
				GCC_PREPROCESSOR_DEFINITIONS = (
					"DEBUG=1",
					"$(inherited)",
				);
				GCC_WARN_64_TO_32_BIT_CONVERSION = YES;
				GCC_WARN_ABOUT_RETURN_TYPE = YES_ERROR;
				GCC_WARN_UNDECLARED_SELECTOR = YES;
				GCC_WARN_UNINITIALIZED_AUTOS = YES_AGGRESSIVE;
				GCC_WARN_UNUSED_FUNCTION = YES;
				GCC_WARN_UNUSED_VARIABLE = YES;
				IPHONEOS_DEPLOYMENT_TARGET = 9.2;
				MTL_ENABLE_DEBUG_INFO = YES;
				ONLY_ACTIVE_ARCH = YES;
				SDKROOT = iphoneos;
			};
			name = Debug;
		};
		5B1975941CD99E3700FF1AC1 /* Release */ = {
			isa = XCBuildConfiguration;
			buildSettings = {
				ALWAYS_SEARCH_USER_PATHS = NO;
				CLANG_CXX_LANGUAGE_STANDARD = "gnu++0x";
				CLANG_CXX_LIBRARY = "libc++";
				CLANG_ENABLE_MODULES = YES;
				CLANG_ENABLE_OBJC_ARC = YES;
				CLANG_WARN_BOOL_CONVERSION = YES;
				CLANG_WARN_CONSTANT_CONVERSION = YES;
				CLANG_WARN_DIRECT_OBJC_ISA_USAGE = YES_ERROR;
				CLANG_WARN_EMPTY_BODY = YES;
				CLANG_WARN_ENUM_CONVERSION = YES;
				CLANG_WARN_INT_CONVERSION = YES;
				CLANG_WARN_OBJC_ROOT_CLASS = YES_ERROR;
				CLANG_WARN_UNREACHABLE_CODE = YES;
				CLANG_WARN__DUPLICATE_METHOD_MATCH = YES;
				"CODE_SIGN_IDENTITY[sdk=iphoneos*]" = "iPhone Developer";
				COPY_PHASE_STRIP = NO;
				DEBUG_INFORMATION_FORMAT = "dwarf-with-dsym";
				ENABLE_NS_ASSERTIONS = NO;
				ENABLE_STRICT_OBJC_MSGSEND = YES;
				GCC_C_LANGUAGE_STANDARD = gnu99;
				GCC_NO_COMMON_BLOCKS = YES;
				GCC_WARN_64_TO_32_BIT_CONVERSION = YES;
				GCC_WARN_ABOUT_RETURN_TYPE = YES_ERROR;
				GCC_WARN_UNDECLARED_SELECTOR = YES;
				GCC_WARN_UNINITIALIZED_AUTOS = YES_AGGRESSIVE;
				GCC_WARN_UNUSED_FUNCTION = YES;
				GCC_WARN_UNUSED_VARIABLE = YES;
				IPHONEOS_DEPLOYMENT_TARGET = 9.2;
				MTL_ENABLE_DEBUG_INFO = NO;
				SDKROOT = iphoneos;
				VALIDATE_PRODUCT = YES;
			};
			name = Release;
		};
		5B1975961CD99E3700FF1AC1 /* Debug */ = {
			isa = XCBuildConfiguration;
			buildSettings = {
				ASSETCATALOG_COMPILER_APPICON_NAME = AppIcon;
				INFOPLIST_FILE = JXClips/Info.plist;
				LD_RUNPATH_SEARCH_PATHS = "$(inherited) @executable_path/Frameworks";
				PRODUCT_BUNDLE_IDENTIFIER = com.yuezuo.JXClips;
				PRODUCT_NAME = "$(TARGET_NAME)";
			};
			name = Debug;
		};
		5B1975971CD99E3700FF1AC1 /* Release */ = {
			isa = XCBuildConfiguration;
			buildSettings = {
				ASSETCATALOG_COMPILER_APPICON_NAME = AppIcon;
				INFOPLIST_FILE = JXClips/Info.plist;
				LD_RUNPATH_SEARCH_PATHS = "$(inherited) @executable_path/Frameworks";
				PRODUCT_BUNDLE_IDENTIFIER = com.yuezuo.JXClips;
				PRODUCT_NAME = "$(TARGET_NAME)";
			};
			name = Release;
		};
		5B1975991CD99E3700FF1AC1 /* Debug */ = {
			isa = XCBuildConfiguration;
			buildSettings = {
				BUNDLE_LOADER = "$(TEST_HOST)";
				INFOPLIST_FILE = JXClipsTests/Info.plist;
				LD_RUNPATH_SEARCH_PATHS = "$(inherited) @executable_path/Frameworks @loader_path/Frameworks";
				PRODUCT_BUNDLE_IDENTIFIER = com.yuezuo.JXClipsTests;
				PRODUCT_NAME = "$(TARGET_NAME)";
				TEST_HOST = "$(BUILT_PRODUCTS_DIR)/JXClips.app/JXClips";
			};
			name = Debug;
		};
		5B19759A1CD99E3700FF1AC1 /* Release */ = {
			isa = XCBuildConfiguration;
			buildSettings = {
				BUNDLE_LOADER = "$(TEST_HOST)";
				INFOPLIST_FILE = JXClipsTests/Info.plist;
				LD_RUNPATH_SEARCH_PATHS = "$(inherited) @executable_path/Frameworks @loader_path/Frameworks";
				PRODUCT_BUNDLE_IDENTIFIER = com.yuezuo.JXClipsTests;
				PRODUCT_NAME = "$(TARGET_NAME)";
				TEST_HOST = "$(BUILT_PRODUCTS_DIR)/JXClips.app/JXClips";
			};
			name = Release;
		};
		5B19759C1CD99E3700FF1AC1 /* Debug */ = {
			isa = XCBuildConfiguration;
			buildSettings = {
				INFOPLIST_FILE = JXClipsUITests/Info.plist;
				LD_RUNPATH_SEARCH_PATHS = "$(inherited) @executable_path/Frameworks @loader_path/Frameworks";
				PRODUCT_BUNDLE_IDENTIFIER = com.yuezuo.JXClipsUITests;
				PRODUCT_NAME = "$(TARGET_NAME)";
				TEST_TARGET_NAME = JXClips;
				USES_XCTRUNNER = YES;
			};
			name = Debug;
		};
		5B19759D1CD99E3700FF1AC1 /* Release */ = {
			isa = XCBuildConfiguration;
			buildSettings = {
				INFOPLIST_FILE = JXClipsUITests/Info.plist;
				LD_RUNPATH_SEARCH_PATHS = "$(inherited) @executable_path/Frameworks @loader_path/Frameworks";
				PRODUCT_BUNDLE_IDENTIFIER = com.yuezuo.JXClipsUITests;
				PRODUCT_NAME = "$(TARGET_NAME)";
				TEST_TARGET_NAME = JXClips;
				USES_XCTRUNNER = YES;
			};
			name = Release;
		};
/* End XCBuildConfiguration section */

/* Begin XCConfigurationList section */
		5B1975631CD99E3600FF1AC1 /* Build configuration list for PBXProject "JXClips" */ = {
			isa = XCConfigurationList;
			buildConfigurations = (
				5B1975931CD99E3700FF1AC1 /* Debug */,
				5B1975941CD99E3700FF1AC1 /* Release */,
			);
			defaultConfigurationIsVisible = 0;
			defaultConfigurationName = Release;
		};
		5B1975951CD99E3700FF1AC1 /* Build configuration list for PBXNativeTarget "JXClips" */ = {
			isa = XCConfigurationList;
			buildConfigurations = (
				5B1975961CD99E3700FF1AC1 /* Debug */,
				5B1975971CD99E3700FF1AC1 /* Release */,
			);
			defaultConfigurationIsVisible = 0;
		};
		5B1975981CD99E3700FF1AC1 /* Build configuration list for PBXNativeTarget "JXClipsTests" */ = {
			isa = XCConfigurationList;
			buildConfigurations = (
				5B1975991CD99E3700FF1AC1 /* Debug */,
				5B19759A1CD99E3700FF1AC1 /* Release */,
			);
			defaultConfigurationIsVisible = 0;
		};
		5B19759B1CD99E3700FF1AC1 /* Build configuration list for PBXNativeTarget "JXClipsUITests" */ = {
			isa = XCConfigurationList;
			buildConfigurations = (
				5B19759C1CD99E3700FF1AC1 /* Debug */,
				5B19759D1CD99E3700FF1AC1 /* Release */,
			);
			defaultConfigurationIsVisible = 0;
		};
/* End XCConfigurationList section */
	};
	rootObject = 5B1975601CD99E3600FF1AC1 /* Project object */;
}
